// !$*UTF8*$!
{
	archiveVersion = 1;
	classes = {
	};
	objectVersion = 50;
	objects = {

/* Begin PBXBuildFile section */
		CC4D2FC3212B8688009F77EC /* FJSRuntime.m in Sources */ = {isa = PBXBuildFile; fileRef = CC4D2FC2212B8688009F77EC /* FJSRuntime.m */; };
		CC54DD87212E674400CE6E30 /* FJSFFI.m in Sources */ = {isa = PBXBuildFile; fileRef = CC54DD86212E674400CE6E30 /* FJSFFI.m */; };
		CC63F72E212B858C00DCC9AA /* main.m in Sources */ = {isa = PBXBuildFile; fileRef = CC63F72D212B858C00DCC9AA /* main.m */; };
		CC7DE5532133AA9B00FBC8F7 /* FJSTestStuff.m in Sources */ = {isa = PBXBuildFile; fileRef = CC7DE5522133AA9B00FBC8F7 /* FJSTestStuff.m */; };
		CC98DCEB212CCAC60066089C /* FJSBridgeParser.m in Sources */ = {isa = PBXBuildFile; fileRef = CC98DCEA212CCAC60066089C /* FJSBridgeParser.m */; };
		CCD683A5214B26F90068B836 /* FJSUtil.m in Sources */ = {isa = PBXBuildFile; fileRef = CCD683A4214B26F90068B836 /* FJSUtil.m */; };
		CCE403BB212CBAB70006CDE7 /* FJSValue.m in Sources */ = {isa = PBXBuildFile; fileRef = CCE403BA212CBAB70006CDE7 /* FJSValue.m */; };
/* End PBXBuildFile section */

/* Begin PBXCopyFilesBuildPhase section */
		CC63F728212B858C00DCC9AA /* CopyFiles */ = {
			isa = PBXCopyFilesBuildPhase;
			buildActionMask = 2147483647;
			dstPath = /usr/share/man/man1/;
			dstSubfolderSpec = 0;
			files = (
			);
			runOnlyForDeploymentPostprocessing = 1;
		};
/* End PBXCopyFilesBuildPhase section */

/* Begin PBXFileReference section */
		CC4D2FC1212B8688009F77EC /* FJSRuntime.h */ = {isa = PBXFileReference; lastKnownFileType = sourcecode.c.h; path = FJSRuntime.h; sourceTree = "<group>"; };
		CC4D2FC2212B8688009F77EC /* FJSRuntime.m */ = {isa = PBXFileReference; lastKnownFileType = sourcecode.c.objc; path = FJSRuntime.m; sourceTree = "<group>"; };
		CC54DD85212E674400CE6E30 /* FJSFFI.h */ = {isa = PBXFileReference; lastKnownFileType = sourcecode.c.h; path = FJSFFI.h; sourceTree = "<group>"; };
		CC54DD86212E674400CE6E30 /* FJSFFI.m */ = {isa = PBXFileReference; lastKnownFileType = sourcecode.c.objc; path = FJSFFI.m; sourceTree = "<group>"; };
		CC63F72A212B858C00DCC9AA /* yd */ = {isa = PBXFileReference; explicitFileType = "compiled.mach-o.executable"; includeInIndex = 0; path = yd; sourceTree = BUILT_PRODUCTS_DIR; };
		CC63F72D212B858C00DCC9AA /* main.m */ = {isa = PBXFileReference; lastKnownFileType = sourcecode.c.objc; path = main.m; sourceTree = "<group>"; };
		CC7DE5512133AA9B00FBC8F7 /* FJSTestStuff.h */ = {isa = PBXFileReference; lastKnownFileType = sourcecode.c.h; path = FJSTestStuff.h; sourceTree = "<group>"; };
		CC7DE5522133AA9B00FBC8F7 /* FJSTestStuff.m */ = {isa = PBXFileReference; lastKnownFileType = sourcecode.c.objc; path = FJSTestStuff.m; sourceTree = "<group>"; };
		CC98DCE9212CCAC60066089C /* FJSBridgeParser.h */ = {isa = PBXFileReference; lastKnownFileType = sourcecode.c.h; path = FJSBridgeParser.h; sourceTree = "<group>"; };
		CC98DCEA212CCAC60066089C /* FJSBridgeParser.m */ = {isa = PBXFileReference; lastKnownFileType = sourcecode.c.objc; path = FJSBridgeParser.m; sourceTree = "<group>"; };
		CCD683A3214B26F90068B836 /* FJSUtil.h */ = {isa = PBXFileReference; lastKnownFileType = sourcecode.c.h; path = FJSUtil.h; sourceTree = "<group>"; };
		CCD683A4214B26F90068B836 /* FJSUtil.m */ = {isa = PBXFileReference; lastKnownFileType = sourcecode.c.objc; path = FJSUtil.m; sourceTree = "<group>"; };
		CCE403B9212CBAB70006CDE7 /* FJSValue.h */ = {isa = PBXFileReference; lastKnownFileType = sourcecode.c.h; path = FJSValue.h; sourceTree = "<group>"; };
		CCE403BA212CBAB70006CDE7 /* FJSValue.m */ = {isa = PBXFileReference; lastKnownFileType = sourcecode.c.objc; path = FJSValue.m; sourceTree = "<group>"; };
		CCE5EFFD2135094D00EA6D7F /* yd.bridgesupport */ = {isa = PBXFileReference; lastKnownFileType = text.xml; name = yd.bridgesupport; path = bridgesupport/yd.bridgesupport; sourceTree = SOURCE_ROOT; };
/* End PBXFileReference section */

/* Begin PBXFrameworksBuildPhase section */
		CC63F727212B858C00DCC9AA /* Frameworks */ = {
			isa = PBXFrameworksBuildPhase;
			buildActionMask = 2147483647;
			files = (
			);
			runOnlyForDeploymentPostprocessing = 0;
		};
/* End PBXFrameworksBuildPhase section */

/* Begin PBXGroup section */
		CC63F721212B858C00DCC9AA = {
			isa = PBXGroup;
			children = (
				CC63F72C212B858C00DCC9AA /* yd */,
				CC63F72B212B858C00DCC9AA /* Products */,
			);
			sourceTree = "<group>";
		};
		CC63F72B212B858C00DCC9AA /* Products */ = {
			isa = PBXGroup;
			children = (
				CC63F72A212B858C00DCC9AA /* yd */,
			);
			name = Products;
			sourceTree = "<group>";
		};
		CC63F72C212B858C00DCC9AA /* yd */ = {
			isa = PBXGroup;
			children = (
				CC63F72D212B858C00DCC9AA /* main.m */,
				CC98DCE9212CCAC60066089C /* FJSBridgeParser.h */,
				CC98DCEA212CCAC60066089C /* FJSBridgeParser.m */,
				CC4D2FC1212B8688009F77EC /* FJSRuntime.h */,
				CC4D2FC2212B8688009F77EC /* FJSRuntime.m */,
				CCE403B9212CBAB70006CDE7 /* FJSValue.h */,
				CCE403BA212CBAB70006CDE7 /* FJSValue.m */,
				CC54DD85212E674400CE6E30 /* FJSFFI.h */,
				CC54DD86212E674400CE6E30 /* FJSFFI.m */,
				CC7DE5512133AA9B00FBC8F7 /* FJSTestStuff.h */,
				CC7DE5522133AA9B00FBC8F7 /* FJSTestStuff.m */,
				CCE5EFFD2135094D00EA6D7F /* yd.bridgesupport */,
				CCD683A3214B26F90068B836 /* FJSUtil.h */,
				CCD683A4214B26F90068B836 /* FJSUtil.m */,
			);
			path = yd;
			sourceTree = "<group>";
		};
/* End PBXGroup section */

/* Begin PBXNativeTarget section */
		CC63F729212B858C00DCC9AA /* yd */ = {
			isa = PBXNativeTarget;
			buildConfigurationList = CC63F731212B858C00DCC9AA /* Build configuration list for PBXNativeTarget "yd" */;
			buildPhases = (
				CC63F726212B858C00DCC9AA /* Sources */,
				CC63F727212B858C00DCC9AA /* Frameworks */,
				CC63F728212B858C00DCC9AA /* CopyFiles */,
			);
			buildRules = (
			);
			dependencies = (
			);
			name = yd;
			productName = yd;
			productReference = CC63F72A212B858C00DCC9AA /* yd */;
			productType = "com.apple.product-type.tool";
		};
/* End PBXNativeTarget section */

/* Begin PBXProject section */
		CC63F722212B858C00DCC9AA /* Project object */ = {
			isa = PBXProject;
			attributes = {
				LastUpgradeCheck = 1000;
				ORGANIZATIONNAME = "Flying Meat Inc.";
				TargetAttributes = {
					CC63F729212B858C00DCC9AA = {
						CreatedOnToolsVersion = 10.0;
					};
				};
			};
			buildConfigurationList = CC63F725212B858C00DCC9AA /* Build configuration list for PBXProject "yd" */;
			compatibilityVersion = "Xcode 9.3";
			developmentRegion = en;
			hasScannedForEncodings = 0;
			knownRegions = (
				en,
			);
			mainGroup = CC63F721212B858C00DCC9AA;
			productRefGroup = CC63F72B212B858C00DCC9AA /* Products */;
			projectDirPath = "";
			projectRoot = "";
			targets = (
				CC63F729212B858C00DCC9AA /* yd */,
			);
		};
/* End PBXProject section */

/* Begin PBXSourcesBuildPhase section */
		CC63F726212B858C00DCC9AA /* Sources */ = {
			isa = PBXSourcesBuildPhase;
			buildActionMask = 2147483647;
			files = (
				CC54DD87212E674400CE6E30 /* FJSFFI.m in Sources */,
				CC7DE5532133AA9B00FBC8F7 /* FJSTestStuff.m in Sources */,
				CC98DCEB212CCAC60066089C /* FJSBridgeParser.m in Sources */,
				CC4D2FC3212B8688009F77EC /* FJSRuntime.m in Sources */,
				CCE403BB212CBAB70006CDE7 /* FJSValue.m in Sources */,
				CCD683A5214B26F90068B836 /* FJSUtil.m in Sources */,
				CC63F72E212B858C00DCC9AA /* main.m in Sources */,
			);
			runOnlyForDeploymentPostprocessing = 0;
		};
/* End PBXSourcesBuildPhase section */

/* Begin XCBuildConfiguration section */
		CC63F72F212B858C00DCC9AA /* Debug */ = {
			isa = XCBuildConfiguration;
			buildSettings = {
				ALWAYS_SEARCH_USER_PATHS = NO;
				CLANG_ANALYZER_NONNULL = YES;
				CLANG_ANALYZER_NUMBER_OBJECT_CONVERSION = YES_AGGRESSIVE;
				CLANG_CXX_LANGUAGE_STANDARD = "gnu++14";
				CLANG_CXX_LIBRARY = "libc++";
				CLANG_ENABLE_MODULES = YES;
				CLANG_ENABLE_OBJC_ARC = YES;
				CLANG_ENABLE_OBJC_WEAK = YES;
				CLANG_WARN_BLOCK_CAPTURE_AUTORELEASING = YES;
				CLANG_WARN_BOOL_CONVERSION = YES;
				CLANG_WARN_COMMA = YES;
				CLANG_WARN_CONSTANT_CONVERSION = YES;
				CLANG_WARN_DEPRECATED_OBJC_IMPLEMENTATIONS = YES;
				CLANG_WARN_DIRECT_OBJC_ISA_USAGE = YES_ERROR;
				CLANG_WARN_DOCUMENTATION_COMMENTS = YES;
				CLANG_WARN_EMPTY_BODY = YES;
				CLANG_WARN_ENUM_CONVERSION = YES;
				CLANG_WARN_INFINITE_RECURSION = YES;
				CLANG_WARN_INT_CONVERSION = YES;
				CLANG_WARN_NON_LITERAL_NULL_CONVERSION = YES;
				CLANG_WARN_OBJC_IMPLICIT_RETAIN_SELF = YES;
				CLANG_WARN_OBJC_LITERAL_CONVERSION = YES;
				CLANG_WARN_OBJC_ROOT_CLASS = YES_ERROR;
				CLANG_WARN_RANGE_LOOP_ANALYSIS = YES;
				CLANG_WARN_STRICT_PROTOTYPES = YES;
				CLANG_WARN_SUSPICIOUS_MOVE = YES;
				CLANG_WARN_UNGUARDED_AVAILABILITY = YES_AGGRESSIVE;
				CLANG_WARN_UNREACHABLE_CODE = YES;
				CLANG_WARN__DUPLICATE_METHOD_MATCH = YES;
				CODE_SIGN_IDENTITY = "Mac Developer";
				COPY_PHASE_STRIP = NO;
				DEBUG_INFORMATION_FORMAT = dwarf;
				ENABLE_STRICT_OBJC_MSGSEND = YES;
				ENABLE_TESTABILITY = YES;
				GCC_C_LANGUAGE_STANDARD = gnu11;
				GCC_DYNAMIC_NO_PIC = NO;
				GCC_NO_COMMON_BLOCKS = YES;
				GCC_OPTIMIZATION_LEVEL = 0;
				GCC_PREPROCESSOR_DEFINITIONS = (
					"DEBUG=1",
					"$(inherited)",
				);
				GCC_WARN_64_TO_32_BIT_CONVERSION = YES;
				GCC_WARN_ABOUT_RETURN_TYPE = YES_ERROR;
				GCC_WARN_UNDECLARED_SELECTOR = YES;
				GCC_WARN_UNINITIALIZED_AUTOS = YES_AGGRESSIVE;
				GCC_WARN_UNUSED_FUNCTION = YES;
				GCC_WARN_UNUSED_VARIABLE = YES;
				MACOSX_DEPLOYMENT_TARGET = 10.14;
				MTL_ENABLE_DEBUG_INFO = INCLUDE_SOURCE;
				MTL_FAST_MATH = YES;
				ONLY_ACTIVE_ARCH = YES;
				SDKROOT = macosx;
			};
			name = Debug;
		};
		CC63F730212B858C00DCC9AA /* Release */ = {
			isa = XCBuildConfiguration;
			buildSettings = {
				ALWAYS_SEARCH_USER_PATHS = NO;
				CLANG_ANALYZER_NONNULL = YES;
				CLANG_ANALYZER_NUMBER_OBJECT_CONVERSION = YES_AGGRESSIVE;
				CLANG_CXX_LANGUAGE_STANDARD = "gnu++14";
				CLANG_CXX_LIBRARY = "libc++";
				CLANG_ENABLE_MODULES = YES;
				CLANG_ENABLE_OBJC_ARC = YES;
				CLANG_ENABLE_OBJC_WEAK = YES;
				CLANG_WARN_BLOCK_CAPTURE_AUTORELEASING = YES;
				CLANG_WARN_BOOL_CONVERSION = YES;
				CLANG_WARN_COMMA = YES;
				CLANG_WARN_CONSTANT_CONVERSION = YES;
				CLANG_WARN_DEPRECATED_OBJC_IMPLEMENTATIONS = YES;
				CLANG_WARN_DIRECT_OBJC_ISA_USAGE = YES_ERROR;
				CLANG_WARN_DOCUMENTATION_COMMENTS = YES;
				CLANG_WARN_EMPTY_BODY = YES;
				CLANG_WARN_ENUM_CONVERSION = YES;
				CLANG_WARN_INFINITE_RECURSION = YES;
				CLANG_WARN_INT_CONVERSION = YES;
				CLANG_WARN_NON_LITERAL_NULL_CONVERSION = YES;
				CLANG_WARN_OBJC_IMPLICIT_RETAIN_SELF = YES;
				CLANG_WARN_OBJC_LITERAL_CONVERSION = YES;
				CLANG_WARN_OBJC_ROOT_CLASS = YES_ERROR;
				CLANG_WARN_RANGE_LOOP_ANALYSIS = YES;
				CLANG_WARN_STRICT_PROTOTYPES = YES;
				CLANG_WARN_SUSPICIOUS_MOVE = YES;
				CLANG_WARN_UNGUARDED_AVAILABILITY = YES_AGGRESSIVE;
				CLANG_WARN_UNREACHABLE_CODE = YES;
				CLANG_WARN__DUPLICATE_METHOD_MATCH = YES;
				CODE_SIGN_IDENTITY = "Mac Developer";
				COPY_PHASE_STRIP = NO;
				DEBUG_INFORMATION_FORMAT = "dwarf-with-dsym";
				ENABLE_NS_ASSERTIONS = NO;
				ENABLE_STRICT_OBJC_MSGSEND = YES;
				GCC_C_LANGUAGE_STANDARD = gnu11;
				GCC_NO_COMMON_BLOCKS = YES;
				GCC_WARN_64_TO_32_BIT_CONVERSION = YES;
				GCC_WARN_ABOUT_RETURN_TYPE = YES_ERROR;
				GCC_WARN_UNDECLARED_SELECTOR = YES;
				GCC_WARN_UNINITIALIZED_AUTOS = YES_AGGRESSIVE;
				GCC_WARN_UNUSED_FUNCTION = YES;
				GCC_WARN_UNUSED_VARIABLE = YES;
				MACOSX_DEPLOYMENT_TARGET = 10.14;
				MTL_ENABLE_DEBUG_INFO = NO;
				MTL_FAST_MATH = YES;
				SDKROOT = macosx;
			};
			name = Release;
		};
		CC63F732212B858C00DCC9AA /* Debug */ = {
			isa = XCBuildConfiguration;
			buildSettings = {
				CODE_SIGN_STYLE = Automatic;
				DEVELOPMENT_TEAM = WZCN9HJ4VP;
				MACOSX_DEPLOYMENT_TARGET = 10.13;
				OTHER_LDFLAGS = "-lffi";
				PRODUCT_NAME = "$(TARGET_NAME)";
			};
			name = Debug;
		};
		CC63F733212B858C00DCC9AA /* Release */ = {
			isa = XCBuildConfiguration;
			buildSettings = {
				CODE_SIGN_STYLE = Automatic;
				DEVELOPMENT_TEAM = WZCN9HJ4VP;
				MACOSX_DEPLOYMENT_TARGET = 10.13;
				OTHER_LDFLAGS = "-lffi";
				PRODUCT_NAME = "$(TARGET_NAME)";
			};
			name = Release;
		};
/* End XCBuildConfiguration section */

/* Begin XCConfigurationList section */
		CC63F725212B858C00DCC9AA /* Build configuration list for PBXProject "yd" */ = {
			isa = XCConfigurationList;
			buildConfigurations = (
				CC63F72F212B858C00DCC9AA /* Debug */,
				CC63F730212B858C00DCC9AA /* Release */,
			);
			defaultConfigurationIsVisible = 0;
			defaultConfigurationName = Release;
		};
		CC63F731212B858C00DCC9AA /* Build configuration list for PBXNativeTarget "yd" */ = {
			isa = XCConfigurationList;
			buildConfigurations = (
				CC63F732212B858C00DCC9AA /* Debug */,
				CC63F733212B858C00DCC9AA /* Release */,
			);
			defaultConfigurationIsVisible = 0;
			defaultConfigurationName = Release;
		};
/* End XCConfigurationList section */
	};
	rootObject = CC63F722212B858C00DCC9AA /* Project object */;
}
